// !$*UTF8*$!
{
	archiveVersion = 1;
	classes = {
	};
	objectVersion = 77;
	objects = {

/* Begin PBXContainerItemProxy section */
		3AB04A5D2CC0EE0C00D8034A /* PBXContainerItemProxy */ = {
			isa = PBXContainerItemProxy;
			containerPortal = 3AB04A442CC0EE0700D8034A /* Project object */;
			proxyType = 1;
			remoteGlobalIDString = 3AB04A4B2CC0EE0700D8034A;
			remoteInfo = FreshLook;
		};
		3AB04A672CC0EE0C00D8034A /* PBXContainerItemProxy */ = {
			isa = PBXContainerItemProxy;
			containerPortal = 3AB04A442CC0EE0700D8034A /* Project object */;
			proxyType = 1;
			remoteGlobalIDString = 3AB04A4B2CC0EE0700D8034A;
			remoteInfo = FreshLook;
		};
/* End PBXContainerItemProxy section */

/* Begin PBXFileReference section */
		3AB04A4C2CC0EE0700D8034A /* FreshLook.app */ = {isa = PBXFileReference; explicitFileType = wrapper.application; includeInIndex = 0; path = FreshLook.app; sourceTree = BUILT_PRODUCTS_DIR; };
		3AB04A5C2CC0EE0C00D8034A /* FreshLookTests.xctest */ = {isa = PBXFileReference; explicitFileType = wrapper.cfbundle; includeInIndex = 0; path = FreshLookTests.xctest; sourceTree = BUILT_PRODUCTS_DIR; };
		3AB04A662CC0EE0C00D8034A /* FreshLookUITests.xctest */ = {isa = PBXFileReference; explicitFileType = wrapper.cfbundle; includeInIndex = 0; path = FreshLookUITests.xctest; sourceTree = BUILT_PRODUCTS_DIR; };
/* End PBXFileReference section */

/* Begin PBXFileSystemSynchronizedRootGroup section */
		3AB04A4E2CC0EE0700D8034A /* FreshLook */ = {
			isa = PBXFileSystemSynchronizedRootGroup;
			path = FreshLook;
			sourceTree = "<group>";
		};
		3AB04A5F2CC0EE0C00D8034A /* FreshLookTests */ = {
			isa = PBXFileSystemSynchronizedRootGroup;
			path = FreshLookTests;
			sourceTree = "<group>";
		};
		3AB04A692CC0EE0C00D8034A /* FreshLookUITests */ = {
			isa = PBXFileSystemSynchronizedRootGroup;
			path = FreshLookUITests;
			sourceTree = "<group>";
		};
/* End PBXFileSystemSynchronizedRootGroup section */

/* Begin PBXFrameworksBuildPhase section */
		3AB04A492CC0EE0700D8034A /* Frameworks */ = {
			isa = PBXFrameworksBuildPhase;
			buildActionMask = 2147483647;
			files = (
			);
			runOnlyForDeploymentPostprocessing = 0;
		};
		3AB04A592CC0EE0C00D8034A /* Frameworks */ = {
			isa = PBXFrameworksBuildPhase;
			buildActionMask = 2147483647;
			files = (
			);
			runOnlyForDeploymentPostprocessing = 0;
		};
		3AB04A632CC0EE0C00D8034A /* Frameworks */ = {
			isa = PBXFrameworksBuildPhase;
			buildActionMask = 2147483647;
			files = (
			);
			runOnlyForDeploymentPostprocessing = 0;
		};
/* End PBXFrameworksBuildPhase section */

/* Begin PBXGroup section */
		3AB04A432CC0EE0700D8034A = {
			isa = PBXGroup;
			children = (
				3AB04A4E2CC0EE0700D8034A /* FreshLook */,
				3AB04A5F2CC0EE0C00D8034A /* FreshLookTests */,
				3AB04A692CC0EE0C00D8034A /* FreshLookUITests */,
				3AB04A4D2CC0EE0700D8034A /* Products */,
			);
			sourceTree = "<group>";
		};
		3AB04A4D2CC0EE0700D8034A /* Products */ = {
			isa = PBXGroup;
			children = (
				3AB04A4C2CC0EE0700D8034A /* FreshLook.app */,
				3AB04A5C2CC0EE0C00D8034A /* FreshLookTests.xctest */,
				3AB04A662CC0EE0C00D8034A /* FreshLookUITests.xctest */,
			);
			name = Products;
			sourceTree = "<group>";
		};
/* End PBXGroup section */

/* Begin PBXNativeTarget section */
		3AB04A4B2CC0EE0700D8034A /* FreshLook */ = {
			isa = PBXNativeTarget;
			buildConfigurationList = 3AB04A702CC0EE0C00D8034A /* Build configuration list for PBXNativeTarget "FreshLook" */;
			buildPhases = (
				3AB04A482CC0EE0700D8034A /* Sources */,
				3AB04A492CC0EE0700D8034A /* Frameworks */,
				3AB04A4A2CC0EE0700D8034A /* Resources */,
			);
			buildRules = (
			);
			dependencies = (
			);
			fileSystemSynchronizedGroups = (
				3AB04A4E2CC0EE0700D8034A /* FreshLook */,
			);
			name = FreshLook;
			packageProductDependencies = (
			);
			productName = FreshLook;
			productReference = 3AB04A4C2CC0EE0700D8034A /* FreshLook.app */;
			productType = "com.apple.product-type.application";
		};
		3AB04A5B2CC0EE0C00D8034A /* FreshLookTests */ = {
			isa = PBXNativeTarget;
			buildConfigurationList = 3AB04A732CC0EE0C00D8034A /* Build configuration list for PBXNativeTarget "FreshLookTests" */;
			buildPhases = (
				3AB04A582CC0EE0C00D8034A /* Sources */,
				3AB04A592CC0EE0C00D8034A /* Frameworks */,
				3AB04A5A2CC0EE0C00D8034A /* Resources */,
			);
			buildRules = (
			);
			dependencies = (
				3AB04A5E2CC0EE0C00D8034A /* PBXTargetDependency */,
			);
			fileSystemSynchronizedGroups = (
				3AB04A5F2CC0EE0C00D8034A /* FreshLookTests */,
			);
			name = FreshLookTests;
			packageProductDependencies = (
			);
			productName = FreshLookTests;
			productReference = 3AB04A5C2CC0EE0C00D8034A /* FreshLookTests.xctest */;
			productType = "com.apple.product-type.bundle.unit-test";
		};
		3AB04A652CC0EE0C00D8034A /* FreshLookUITests */ = {
			isa = PBXNativeTarget;
			buildConfigurationList = 3AB04A762CC0EE0C00D8034A /* Build configuration list for PBXNativeTarget "FreshLookUITests" */;
			buildPhases = (
				3AB04A622CC0EE0C00D8034A /* Sources */,
				3AB04A632CC0EE0C00D8034A /* Frameworks */,
				3AB04A642CC0EE0C00D8034A /* Resources */,
			);
			buildRules = (
			);
			dependencies = (
				3AB04A682CC0EE0C00D8034A /* PBXTargetDependency */,
			);
			fileSystemSynchronizedGroups = (
				3AB04A692CC0EE0C00D8034A /* FreshLookUITests */,
			);
			name = FreshLookUITests;
			packageProductDependencies = (
			);
			productName = FreshLookUITests;
			productReference = 3AB04A662CC0EE0C00D8034A /* FreshLookUITests.xctest */;
			productType = "com.apple.product-type.bundle.ui-testing";
		};
/* End PBXNativeTarget section */

/* Begin PBXProject section */
		3AB04A442CC0EE0700D8034A /* Project object */ = {
			isa = PBXProject;
			attributes = {
				BuildIndependentTargetsInParallel = 1;
				LastSwiftUpdateCheck = 1600;
				LastUpgradeCheck = 1600;
				TargetAttributes = {
					3AB04A4B2CC0EE0700D8034A = {
						CreatedOnToolsVersion = 16.0;
					};
					3AB04A5B2CC0EE0C00D8034A = {
						CreatedOnToolsVersion = 16.0;
						TestTargetID = 3AB04A4B2CC0EE0700D8034A;
					};
					3AB04A652CC0EE0C00D8034A = {
						CreatedOnToolsVersion = 16.0;
						TestTargetID = 3AB04A4B2CC0EE0700D8034A;
					};
				};
			};
			buildConfigurationList = 3AB04A472CC0EE0700D8034A /* Build configuration list for PBXProject "FreshLook" */;
			developmentRegion = en;
			hasScannedForEncodings = 0;
			knownRegions = (
				en,
				Base,
			);
			mainGroup = 3AB04A432CC0EE0700D8034A;
			minimizedProjectReferenceProxies = 1;
			preferredProjectObjectVersion = 77;
			productRefGroup = 3AB04A4D2CC0EE0700D8034A /* Products */;
			projectDirPath = "";
			projectRoot = "";
			targets = (
				3AB04A4B2CC0EE0700D8034A /* FreshLook */,
				3AB04A5B2CC0EE0C00D8034A /* FreshLookTests */,
				3AB04A652CC0EE0C00D8034A /* FreshLookUITests */,
			);
		};
/* End PBXProject section */

/* Begin PBXResourcesBuildPhase section */
		3AB04A4A2CC0EE0700D8034A /* Resources */ = {
			isa = PBXResourcesBuildPhase;
			buildActionMask = 2147483647;
			files = (
			);
			runOnlyForDeploymentPostprocessing = 0;
		};
		3AB04A5A2CC0EE0C00D8034A /* Resources */ = {
			isa = PBXResourcesBuildPhase;
			buildActionMask = 2147483647;
			files = (
			);
			runOnlyForDeploymentPostprocessing = 0;
		};
		3AB04A642CC0EE0C00D8034A /* Resources */ = {
			isa = PBXResourcesBuildPhase;
			buildActionMask = 2147483647;
			files = (
			);
			runOnlyForDeploymentPostprocessing = 0;
		};
/* End PBXResourcesBuildPhase section */

/* Begin PBXSourcesBuildPhase section */
		3AB04A482CC0EE0700D8034A /* Sources */ = {
			isa = PBXSourcesBuildPhase;
			buildActionMask = 2147483647;
			files = (
			);
			runOnlyForDeploymentPostprocessing = 0;
		};
		3AB04A582CC0EE0C00D8034A /* Sources */ = {
			isa = PBXSourcesBuildPhase;
			buildActionMask = 2147483647;
			files = (
			);
			runOnlyForDeploymentPostprocessing = 0;
		};
		3AB04A622CC0EE0C00D8034A /* Sources */ = {
			isa = PBXSourcesBuildPhase;
			buildActionMask = 2147483647;
			files = (
			);
			runOnlyForDeploymentPostprocessing = 0;
		};
/* End PBXSourcesBuildPhase section */

/* Begin PBXTargetDependency section */
		3AB04A5E2CC0EE0C00D8034A /* PBXTargetDependency */ = {
			isa = PBXTargetDependency;
			target = 3AB04A4B2CC0EE0700D8034A /* FreshLook */;
			targetProxy = 3AB04A5D2CC0EE0C00D8034A /* PBXContainerItemProxy */;
		};
		3AB04A682CC0EE0C00D8034A /* PBXTargetDependency */ = {
			isa = PBXTargetDependency;
			target = 3AB04A4B2CC0EE0700D8034A /* FreshLook */;
			targetProxy = 3AB04A672CC0EE0C00D8034A /* PBXContainerItemProxy */;
		};
/* End PBXTargetDependency section */

/* Begin XCBuildConfiguration section */
		3AB04A6E2CC0EE0C00D8034A /* Debug */ = {
			isa = XCBuildConfiguration;
			buildSettings = {
				ALWAYS_SEARCH_USER_PATHS = NO;
				ASSETCATALOG_COMPILER_GENERATE_SWIFT_ASSET_SYMBOL_EXTENSIONS = YES;
				CLANG_ANALYZER_NONNULL = YES;
				CLANG_ANALYZER_NUMBER_OBJECT_CONVERSION = YES_AGGRESSIVE;
				CLANG_CXX_LANGUAGE_STANDARD = "gnu++20";
				CLANG_ENABLE_MODULES = YES;
				CLANG_ENABLE_OBJC_ARC = YES;
				CLANG_ENABLE_OBJC_WEAK = YES;
				CLANG_WARN_BLOCK_CAPTURE_AUTORELEASING = YES;
				CLANG_WARN_BOOL_CONVERSION = YES;
				CLANG_WARN_COMMA = YES;
				CLANG_WARN_CONSTANT_CONVERSION = YES;
				CLANG_WARN_DEPRECATED_OBJC_IMPLEMENTATIONS = YES;
				CLANG_WARN_DIRECT_OBJC_ISA_USAGE = YES_ERROR;
				CLANG_WARN_DOCUMENTATION_COMMENTS = YES;
				CLANG_WARN_EMPTY_BODY = YES;
				CLANG_WARN_ENUM_CONVERSION = YES;
				CLANG_WARN_INFINITE_RECURSION = YES;
				CLANG_WARN_INT_CONVERSION = YES;
				CLANG_WARN_NON_LITERAL_NULL_CONVERSION = YES;
				CLANG_WARN_OBJC_IMPLICIT_RETAIN_SELF = YES;
				CLANG_WARN_OBJC_LITERAL_CONVERSION = YES;
				CLANG_WARN_OBJC_ROOT_CLASS = YES_ERROR;
				CLANG_WARN_QUOTED_INCLUDE_IN_FRAMEWORK_HEADER = YES;
				CLANG_WARN_RANGE_LOOP_ANALYSIS = YES;
				CLANG_WARN_STRICT_PROTOTYPES = YES;
				CLANG_WARN_SUSPICIOUS_MOVE = YES;
				CLANG_WARN_UNGUARDED_AVAILABILITY = YES_AGGRESSIVE;
				CLANG_WARN_UNREACHABLE_CODE = YES;
				CLANG_WARN__DUPLICATE_METHOD_MATCH = YES;
				COPY_PHASE_STRIP = NO;
				DEBUG_INFORMATION_FORMAT = dwarf;
				ENABLE_STRICT_OBJC_MSGSEND = YES;
				ENABLE_TESTABILITY = YES;
				ENABLE_USER_SCRIPT_SANDBOXING = YES;
				GCC_C_LANGUAGE_STANDARD = gnu17;
				GCC_DYNAMIC_NO_PIC = NO;
				GCC_NO_COMMON_BLOCKS = YES;
				GCC_OPTIMIZATION_LEVEL = 0;
				GCC_PREPROCESSOR_DEFINITIONS = (
					"DEBUG=1",
					"$(inherited)",
				);
				GCC_WARN_64_TO_32_BIT_CONVERSION = YES;
				GCC_WARN_ABOUT_RETURN_TYPE = YES_ERROR;
				GCC_WARN_UNDECLARED_SELECTOR = YES;
				GCC_WARN_UNINITIALIZED_AUTOS = YES_AGGRESSIVE;
				GCC_WARN_UNUSED_FUNCTION = YES;
				GCC_WARN_UNUSED_VARIABLE = YES;
				IPHONEOS_DEPLOYMENT_TARGET = 18.0;
				LOCALIZATION_PREFERS_STRING_CATALOGS = YES;
				MTL_ENABLE_DEBUG_INFO = INCLUDE_SOURCE;
				MTL_FAST_MATH = YES;
				ONLY_ACTIVE_ARCH = YES;
				SDKROOT = iphoneos;
				SWIFT_ACTIVE_COMPILATION_CONDITIONS = "DEBUG $(inherited)";
				SWIFT_OPTIMIZATION_LEVEL = "-Onone";
			};
			name = Debug;
		};
		3AB04A6F2CC0EE0C00D8034A /* Release */ = {
			isa = XCBuildConfiguration;
			buildSettings = {
				ALWAYS_SEARCH_USER_PATHS = NO;
				ASSETCATALOG_COMPILER_GENERATE_SWIFT_ASSET_SYMBOL_EXTENSIONS = YES;
				CLANG_ANALYZER_NONNULL = YES;
				CLANG_ANALYZER_NUMBER_OBJECT_CONVERSION = YES_AGGRESSIVE;
				CLANG_CXX_LANGUAGE_STANDARD = "gnu++20";
				CLANG_ENABLE_MODULES = YES;
				CLANG_ENABLE_OBJC_ARC = YES;
				CLANG_ENABLE_OBJC_WEAK = YES;
				CLANG_WARN_BLOCK_CAPTURE_AUTORELEASING = YES;
				CLANG_WARN_BOOL_CONVERSION = YES;
				CLANG_WARN_COMMA = YES;
				CLANG_WARN_CONSTANT_CONVERSION = YES;
				CLANG_WARN_DEPRECATED_OBJC_IMPLEMENTATIONS = YES;
				CLANG_WARN_DIRECT_OBJC_ISA_USAGE = YES_ERROR;
				CLANG_WARN_DOCUMENTATION_COMMENTS = YES;
				CLANG_WARN_EMPTY_BODY = YES;
				CLANG_WARN_ENUM_CONVERSION = YES;
				CLANG_WARN_INFINITE_RECURSION = YES;
				CLANG_WARN_INT_CONVERSION = YES;
				CLANG_WARN_NON_LITERAL_NULL_CONVERSION = YES;
				CLANG_WARN_OBJC_IMPLICIT_RETAIN_SELF = YES;
				CLANG_WARN_OBJC_LITERAL_CONVERSION = YES;
				CLANG_WARN_OBJC_ROOT_CLASS = YES_ERROR;
				CLANG_WARN_QUOTED_INCLUDE_IN_FRAMEWORK_HEADER = YES;
				CLANG_WARN_RANGE_LOOP_ANALYSIS = YES;
				CLANG_WARN_STRICT_PROTOTYPES = YES;
				CLANG_WARN_SUSPICIOUS_MOVE = YES;
				CLANG_WARN_UNGUARDED_AVAILABILITY = YES_AGGRESSIVE;
				CLANG_WARN_UNREACHABLE_CODE = YES;
				CLANG_WARN__DUPLICATE_METHOD_MATCH = YES;
				COPY_PHASE_STRIP = NO;
				DEBUG_INFORMATION_FORMAT = "dwarf-with-dsym";
				ENABLE_NS_ASSERTIONS = NO;
				ENABLE_STRICT_OBJC_MSGSEND = YES;
				ENABLE_USER_SCRIPT_SANDBOXING = YES;
				GCC_C_LANGUAGE_STANDARD = gnu17;
				GCC_NO_COMMON_BLOCKS = YES;
				GCC_WARN_64_TO_32_BIT_CONVERSION = YES;
				GCC_WARN_ABOUT_RETURN_TYPE = YES_ERROR;
				GCC_WARN_UNDECLARED_SELECTOR = YES;
				GCC_WARN_UNINITIALIZED_AUTOS = YES_AGGRESSIVE;
				GCC_WARN_UNUSED_FUNCTION = YES;
				GCC_WARN_UNUSED_VARIABLE = YES;
				IPHONEOS_DEPLOYMENT_TARGET = 18.0;
				LOCALIZATION_PREFERS_STRING_CATALOGS = YES;
				MTL_ENABLE_DEBUG_INFO = NO;
				MTL_FAST_MATH = YES;
				SDKROOT = iphoneos;
				SWIFT_COMPILATION_MODE = wholemodule;
				VALIDATE_PRODUCT = YES;
			};
			name = Release;
		};
		3AB04A712CC0EE0C00D8034A /* Debug */ = {
			isa = XCBuildConfiguration;
			buildSettings = {
				ASSETCATALOG_COMPILER_APPICON_NAME = AppIcon;
				ASSETCATALOG_COMPILER_GLOBAL_ACCENT_COLOR_NAME = AccentColor;
				CODE_SIGN_STYLE = Automatic;
				CURRENT_PROJECT_VERSION = 1;
				DEVELOPMENT_ASSET_PATHS = "\"FreshLook/Preview Content\"";
				DEVELOPMENT_TEAM = CP463QNQ2V;
				ENABLE_PREVIEWS = YES;
				GENERATE_INFOPLIST_FILE = YES;
				INFOPLIST_KEY_UIApplicationSceneManifest_Generation = YES;
				INFOPLIST_KEY_UIApplicationSupportsIndirectInputEvents = YES;
				INFOPLIST_KEY_UILaunchScreen_Generation = YES;
				INFOPLIST_KEY_UISupportedInterfaceOrientations_iPad = "UIInterfaceOrientationPortrait UIInterfaceOrientationPortraitUpsideDown UIInterfaceOrientationLandscapeLeft UIInterfaceOrientationLandscapeRight";
				INFOPLIST_KEY_UISupportedInterfaceOrientations_iPhone = "UIInterfaceOrientationPortrait UIInterfaceOrientationLandscapeLeft UIInterfaceOrientationLandscapeRight";
				LD_RUNPATH_SEARCH_PATHS = (
					"$(inherited)",
					"@executable_path/Frameworks",
				);
				MARKETING_VERSION = 1.0;
				PRODUCT_BUNDLE_IDENTIFIER = io.Kalman.FreshLook;
				PRODUCT_NAME = "$(TARGET_NAME)";
				SWIFT_EMIT_LOC_STRINGS = YES;
				SWIFT_VERSION = 5.0;
				TARGETED_DEVICE_FAMILY = "1,2";
			};
			name = Debug;
		};
		3AB04A722CC0EE0C00D8034A /* Release */ = {
			isa = XCBuildConfiguration;
			buildSettings = {
				ASSETCATALOG_COMPILER_APPICON_NAME = AppIcon;
				ASSETCATALOG_COMPILER_GLOBAL_ACCENT_COLOR_NAME = AccentColor;
				CODE_SIGN_STYLE = Automatic;
				CURRENT_PROJECT_VERSION = 1;
				DEVELOPMENT_ASSET_PATHS = "\"FreshLook/Preview Content\"";
				DEVELOPMENT_TEAM = CP463QNQ2V;
				ENABLE_PREVIEWS = YES;
				GENERATE_INFOPLIST_FILE = YES;
				INFOPLIST_KEY_UIApplicationSceneManifest_Generation = YES;
				INFOPLIST_KEY_UIApplicationSupportsIndirectInputEvents = YES;
				INFOPLIST_KEY_UILaunchScreen_Generation = YES;
				INFOPLIST_KEY_UISupportedInterfaceOrientations_iPad = "UIInterfaceOrientationPortrait UIInterfaceOrientationPortraitUpsideDown UIInterfaceOrientationLandscapeLeft UIInterfaceOrientationLandscapeRight";
				INFOPLIST_KEY_UISupportedInterfaceOrientations_iPhone = "UIInterfaceOrientationPortrait UIInterfaceOrientationLandscapeLeft UIInterfaceOrientationLandscapeRight";
				LD_RUNPATH_SEARCH_PATHS = (
					"$(inherited)",
					"@executable_path/Frameworks",
				);
				MARKETING_VERSION = 1.0;
				PRODUCT_BUNDLE_IDENTIFIER = io.Kalman.FreshLook;
				PRODUCT_NAME = "$(TARGET_NAME)";
				SWIFT_EMIT_LOC_STRINGS = YES;
				SWIFT_VERSION = 5.0;
				TARGETED_DEVICE_FAMILY = "1,2";
			};
			name = Release;
		};
		3AB04A742CC0EE0C00D8034A /* Debug */ = {
			isa = XCBuildConfiguration;
			buildSettings = {
				BUNDLE_LOADER = "$(TEST_HOST)";
				CODE_SIGN_STYLE = Automatic;
				CURRENT_PROJECT_VERSION = 1;
				DEVELOPMENT_TEAM = CP463QNQ2V;
				GENERATE_INFOPLIST_FILE = YES;
				IPHONEOS_DEPLOYMENT_TARGET = 18.0;
				MARKETING_VERSION = 1.0;
				PRODUCT_BUNDLE_IDENTIFIER = io.Kalman.FreshLookTests;
				PRODUCT_NAME = "$(TARGET_NAME)";
				SWIFT_EMIT_LOC_STRINGS = NO;
				SWIFT_VERSION = 5.0;
				TARGETED_DEVICE_FAMILY = "1,2";
				TEST_HOST = "$(BUILT_PRODUCTS_DIR)/FreshLook.app/$(BUNDLE_EXECUTABLE_FOLDER_PATH)/FreshLook";
			};
			name = Debug;
		};
		3AB04A752CC0EE0C00D8034A /* Release */ = {
			isa = XCBuildConfiguration;
			buildSettings = {
				BUNDLE_LOADER = "$(TEST_HOST)";
				CODE_SIGN_STYLE = Automatic;
				CURRENT_PROJECT_VERSION = 1;
				DEVELOPMENT_TEAM = CP463QNQ2V;
				GENERATE_INFOPLIST_FILE = YES;
				IPHONEOS_DEPLOYMENT_TARGET = 18.0;
				MARKETING_VERSION = 1.0;
				PRODUCT_BUNDLE_IDENTIFIER = io.Kalman.FreshLookTests;
				PRODUCT_NAME = "$(TARGET_NAME)";
				SWIFT_EMIT_LOC_STRINGS = NO;
				SWIFT_VERSION = 5.0;
				TARGETED_DEVICE_FAMILY = "1,2";
				TEST_HOST = "$(BUILT_PRODUCTS_DIR)/FreshLook.app/$(BUNDLE_EXECUTABLE_FOLDER_PATH)/FreshLook";
			};
			name = Release;
		};
		3AB04A772CC0EE0C00D8034A /* Debug */ = {
			isa = XCBuildConfiguration;
			buildSettings = {
				CODE_SIGN_STYLE = Automatic;
				CURRENT_PROJECT_VERSION = 1;
				DEVELOPMENT_TEAM = CP463QNQ2V;
				GENERATE_INFOPLIST_FILE = YES;
				MARKETING_VERSION = 1.0;
				PRODUCT_BUNDLE_IDENTIFIER = io.Kalman.FreshLookUITests;
				PRODUCT_NAME = "$(TARGET_NAME)";
				SWIFT_EMIT_LOC_STRINGS = NO;
				SWIFT_VERSION = 5.0;
				TARGETED_DEVICE_FAMILY = "1,2";
				TEST_TARGET_NAME = FreshLook;
			};
			name = Debug;
		};
		3AB04A782CC0EE0C00D8034A /* Release */ = {
			isa = XCBuildConfiguration;
			buildSettings = {
				CODE_SIGN_STYLE = Automatic;
				CURRENT_PROJECT_VERSION = 1;
				DEVELOPMENT_TEAM = CP463QNQ2V;
				GENERATE_INFOPLIST_FILE = YES;
				MARKETING_VERSION = 1.0;
				PRODUCT_BUNDLE_IDENTIFIER = io.Kalman.FreshLookUITests;
				PRODUCT_NAME = "$(TARGET_NAME)";
				SWIFT_EMIT_LOC_STRINGS = NO;
				SWIFT_VERSION = 5.0;
				TARGETED_DEVICE_FAMILY = "1,2";
				TEST_TARGET_NAME = FreshLook;
			};
			name = Release;
		};
/* End XCBuildConfiguration section */

/* Begin XCConfigurationList section */
		3AB04A472CC0EE0700D8034A /* Build configuration list for PBXProject "FreshLook" */ = {
			isa = XCConfigurationList;
			buildConfigurations = (
				3AB04A6E2CC0EE0C00D8034A /* Debug */,
				3AB04A6F2CC0EE0C00D8034A /* Release */,
			);
			defaultConfigurationIsVisible = 0;
			defaultConfigurationName = Release;
		};
		3AB04A702CC0EE0C00D8034A /* Build configuration list for PBXNativeTarget "FreshLook" */ = {
			isa = XCConfigurationList;
			buildConfigurations = (
				3AB04A712CC0EE0C00D8034A /* Debug */,
				3AB04A722CC0EE0C00D8034A /* Release */,
			);
			defaultConfigurationIsVisible = 0;
			defaultConfigurationName = Release;
		};
		3AB04A732CC0EE0C00D8034A /* Build configuration list for PBXNativeTarget "FreshLookTests" */ = {
			isa = XCConfigurationList;
			buildConfigurations = (
				3AB04A742CC0EE0C00D8034A /* Debug */,
				3AB04A752CC0EE0C00D8034A /* Release */,
			);
			defaultConfigurationIsVisible = 0;
			defaultConfigurationName = Release;
		};
		3AB04A762CC0EE0C00D8034A /* Build configuration list for PBXNativeTarget "FreshLookUITests" */ = {
			isa = XCConfigurationList;
			buildConfigurations = (
				3AB04A772CC0EE0C00D8034A /* Debug */,
				3AB04A782CC0EE0C00D8034A /* Release */,
			);
			defaultConfigurationIsVisible = 0;
			defaultConfigurationName = Release;
		};
/* End XCConfigurationList section */
	};
	rootObject = 3AB04A442CC0EE0700D8034A /* Project object */;
}
